<Solution>
  <Folder Name="/src/">
    <Project Path="src/TraceabilityService/TraceabilityService.csproj" />
  </Folder>
  <Folder Name="/tests/">
    <Project Path="tests/TraceabilityService.IntegrationTests/TraceabilityService.IntegrationTests.csproj" />
    <Project Path="tests/TraceabilityService.UnitTests/TraceabilityService.UnitTests.csproj" />
  </Folder>
</Solution>